// !$*UTF8*$!
{
	archiveVersion = 1;
	classes = {
	};
	objectVersion = 50;
	objects = {

/* Begin PBXBuildFile section */
		95A4AD4A223D8C8E00C25BB2 /* ResultCell.xib in Resources */ = {isa = PBXBuildFile; fileRef = 95A4AD49223D8C8E00C25BB2 /* ResultCell.xib */; };
		95BDD6B22231D9970076D23E /* AppDelegate.swift in Sources */ = {isa = PBXBuildFile; fileRef = 95BDD6B12231D9970076D23E /* AppDelegate.swift */; };
		95BDD6B92231D9980076D23E /* Assets.xcassets in Resources */ = {isa = PBXBuildFile; fileRef = 95BDD6B82231D9980076D23E /* Assets.xcassets */; };
		95BDD6BC2231D9980076D23E /* LaunchScreen.storyboard in Resources */ = {isa = PBXBuildFile; fileRef = 95BDD6BA2231D9980076D23E /* LaunchScreen.storyboard */; };
		95BDD6C62231DAB30076D23E /* CoreML.framework in Frameworks */ = {isa = PBXBuildFile; fileRef = 95BDD6C52231DAB20076D23E /* CoreML.framework */; };
		95C42E95223619960021A1FF /* InitialViewControllers.swift in Sources */ = {isa = PBXBuildFile; fileRef = 95C42E94223619960021A1FF /* InitialViewControllers.swift */; };
		95C42E9722361A540021A1FF /* BootResult.swift in Sources */ = {isa = PBXBuildFile; fileRef = 95C42E9622361A540021A1FF /* BootResult.swift */; };
		95C42E9922361A950021A1FF /* MainViewController.swift in Sources */ = {isa = PBXBuildFile; fileRef = 95C42E9822361A950021A1FF /* MainViewController.swift */; };
		95C42E9B22361ADF0021A1FF /* DetailsViewController.swift in Sources */ = {isa = PBXBuildFile; fileRef = 95C42E9A22361ADF0021A1FF /* DetailsViewController.swift */; };
		95C42E9D22361AF60021A1FF /* ViewController.swift in Sources */ = {isa = PBXBuildFile; fileRef = 95C42E9C22361AF60021A1FF /* ViewController.swift */; };
		95C42E9F22361B0C0021A1FF /* ResultsViewController.swift in Sources */ = {isa = PBXBuildFile; fileRef = 95C42E9E22361B0C0021A1FF /* ResultsViewController.swift */; };
		95C42EA122361B220021A1FF /* ResultTableViewCell.swift in Sources */ = {isa = PBXBuildFile; fileRef = 95C42EA022361B220021A1FF /* ResultTableViewCell.swift */; };
		95C42EA322361B350021A1FF /* AllMetadata.json in Resources */ = {isa = PBXBuildFile; fileRef = 95C42EA222361B350021A1FF /* AllMetadata.json */; };
		95C42EA522361B470021A1FF /* BuyViewController.swift in Sources */ = {isa = PBXBuildFile; fileRef = 95C42EA422361B470021A1FF /* BuyViewController.swift */; };
		95C42EA722361BC00021A1FF /* UIImage+Extension.swift in Sources */ = {isa = PBXBuildFile; fileRef = 95C42EA622361BC00021A1FF /* UIImage+Extension.swift */; };
		95EDE904223317DD007BFCF2 /* .gitignore in Resources */ = {isa = PBXBuildFile; fileRef = 95EDE903223317DD007BFCF2 /* .gitignore */; };
		95EDE90A22331E9B007BFCF2 /* Storyboard.storyboard in Resources */ = {isa = PBXBuildFile; fileRef = 95EDE90922331E9B007BFCF2 /* Storyboard.storyboard */; };
		AA38732722403B7F0018A374 /* ImageSimilarity.mlmodel in Sources */ = {isa = PBXBuildFile; fileRef = AA38732622403B7F0018A374 /* ImageSimilarity.mlmodel */; };
		D1D9BBECCE1CA1A02CB1F161 /* Pods_BootFinder.framework in Frameworks */ = {isa = PBXBuildFile; fileRef = 6B561017D598C41232565C5B /* Pods_BootFinder.framework */; };
/* End PBXBuildFile section */

/* Begin PBXFileReference section */
		1738155D4FC70B9392ECB736 /* Pods-BootFinder.release.xcconfig */ = {isa = PBXFileReference; includeInIndex = 1; lastKnownFileType = text.xcconfig; name = "Pods-BootFinder.release.xcconfig"; path = "Pods/Target Support Files/Pods-BootFinder/Pods-BootFinder.release.xcconfig"; sourceTree = "<group>"; };
		22F7B507E0F8763E897D21C3 /* Pods-BootFinder.debug.xcconfig */ = {isa = PBXFileReference; includeInIndex = 1; lastKnownFileType = text.xcconfig; name = "Pods-BootFinder.debug.xcconfig"; path = "Target Support Files/Pods-BootFinder/Pods-BootFinder.debug.xcconfig"; sourceTree = "<group>"; };
		3734AB8BF7CE8F293CF06542 /* Pods-BootFinder.debug.xcconfig */ = {isa = PBXFileReference; includeInIndex = 1; lastKnownFileType = text.xcconfig; name = "Pods-BootFinder.debug.xcconfig"; path = "Pods/Target Support Files/Pods-BootFinder/Pods-BootFinder.debug.xcconfig"; sourceTree = "<group>"; };
		6B561017D598C41232565C5B /* Pods_BootFinder.framework */ = {isa = PBXFileReference; explicitFileType = wrapper.framework; includeInIndex = 0; path = Pods_BootFinder.framework; sourceTree = BUILT_PRODUCTS_DIR; };
		95A4AD49223D8C8E00C25BB2 /* ResultCell.xib */ = {isa = PBXFileReference; lastKnownFileType = file.xib; path = ResultCell.xib; sourceTree = "<group>"; };
		95BDD6AE2231D9970076D23E /* BootFinder.app */ = {isa = PBXFileReference; explicitFileType = wrapper.application; includeInIndex = 0; path = BootFinder.app; sourceTree = BUILT_PRODUCTS_DIR; };
		95BDD6B12231D9970076D23E /* AppDelegate.swift */ = {isa = PBXFileReference; lastKnownFileType = sourcecode.swift; path = AppDelegate.swift; sourceTree = "<group>"; };
		95BDD6B82231D9980076D23E /* Assets.xcassets */ = {isa = PBXFileReference; lastKnownFileType = folder.assetcatalog; path = Assets.xcassets; sourceTree = "<group>"; };
		95BDD6BB2231D9980076D23E /* Base */ = {isa = PBXFileReference; lastKnownFileType = file.storyboard; name = Base; path = Base.lproj/LaunchScreen.storyboard; sourceTree = "<group>"; };
		95BDD6C52231DAB20076D23E /* CoreML.framework */ = {isa = PBXFileReference; lastKnownFileType = wrapper.framework; name = CoreML.framework; path = System/Library/Frameworks/CoreML.framework; sourceTree = SDKROOT; };
		95BDD6C922320E650076D23E /* Assets.xcassets */ = {isa = PBXFileReference; lastKnownFileType = folder.assetcatalog; path = Assets.xcassets; sourceTree = "<group>"; };
		95BDD6CA22320E650076D23E /* Rectangle.png */ = {isa = PBXFileReference; lastKnownFileType = image.png; path = Rectangle.png; sourceTree = "<group>"; };
		95BDD6CB22320E650076D23E /* camera-icon.png */ = {isa = PBXFileReference; lastKnownFileType = image.png; path = "camera-icon.png"; sourceTree = "<group>"; };
		95BDD6CC22320E650076D23E /* boot-placeholder.jpg */ = {isa = PBXFileReference; lastKnownFileType = image.jpeg; path = "boot-placeholder.jpg"; sourceTree = "<group>"; };
		95BDD6CF22320E650076D23E /* bg pattern.png */ = {isa = PBXFileReference; lastKnownFileType = image.png; path = "bg pattern.png"; sourceTree = "<group>"; };
		95BDD6D022320E650076D23E /* imageGalleryIcon.png */ = {isa = PBXFileReference; lastKnownFileType = image.png; path = imageGalleryIcon.png; sourceTree = "<group>"; };
		95BDD6D122320E650076D23E /* cameraIcon.png */ = {isa = PBXFileReference; lastKnownFileType = image.png; path = cameraIcon.png; sourceTree = "<group>"; };
		95BDD6D222320E650076D23E /* Boot Finder logo1.png */ = {isa = PBXFileReference; lastKnownFileType = image.png; path = "Boot Finder logo1.png"; sourceTree = "<group>"; };
		95BDD6D322320E650076D23E /* takePhotoIcon.png */ = {isa = PBXFileReference; lastKnownFileType = image.png; path = takePhotoIcon.png; sourceTree = "<group>"; };
		95BDD6D622320EBD0076D23E /* ImageClassification.entitlements */ = {isa = PBXFileReference; lastKnownFileType = text.plist.entitlements; path = ImageClassification.entitlements; sourceTree = "<group>"; };
		95BDD6D722320EBD0076D23E /* Info.plist */ = {isa = PBXFileReference; lastKnownFileType = text.plist.xml; path = Info.plist; sourceTree = "<group>"; };
		95BDD6E52233036D0076D23E /* BootFinder.entitlements */ = {isa = PBXFileReference; lastKnownFileType = text.plist.entitlements; path = BootFinder.entitlements; sourceTree = "<group>"; };
		95C42E94223619960021A1FF /* InitialViewControllers.swift */ = {isa = PBXFileReference; fileEncoding = 4; lastKnownFileType = sourcecode.swift; path = InitialViewControllers.swift; sourceTree = "<group>"; };
		95C42E9622361A540021A1FF /* BootResult.swift */ = {isa = PBXFileReference; fileEncoding = 4; lastKnownFileType = sourcecode.swift; path = BootResult.swift; sourceTree = "<group>"; };
		95C42E9822361A950021A1FF /* MainViewController.swift */ = {isa = PBXFileReference; fileEncoding = 4; lastKnownFileType = sourcecode.swift; path = MainViewController.swift; sourceTree = "<group>"; };
		95C42E9A22361ADF0021A1FF /* DetailsViewController.swift */ = {isa = PBXFileReference; fileEncoding = 4; lastKnownFileType = sourcecode.swift; path = DetailsViewController.swift; sourceTree = "<group>"; };
		95C42E9C22361AF60021A1FF /* ViewController.swift */ = {isa = PBXFileReference; fileEncoding = 4; lastKnownFileType = sourcecode.swift; path = ViewController.swift; sourceTree = "<group>"; };
		95C42E9E22361B0C0021A1FF /* ResultsViewController.swift */ = {isa = PBXFileReference; fileEncoding = 4; lastKnownFileType = sourcecode.swift; path = ResultsViewController.swift; sourceTree = "<group>"; };
		95C42EA022361B220021A1FF /* ResultTableViewCell.swift */ = {isa = PBXFileReference; fileEncoding = 4; lastKnownFileType = sourcecode.swift; path = ResultTableViewCell.swift; sourceTree = "<group>"; };
		95C42EA222361B350021A1FF /* AllMetadata.json */ = {isa = PBXFileReference; fileEncoding = 4; lastKnownFileType = text.json; path = AllMetadata.json; sourceTree = "<group>"; };
		95C42EA422361B470021A1FF /* BuyViewController.swift */ = {isa = PBXFileReference; fileEncoding = 4; lastKnownFileType = sourcecode.swift; path = BuyViewController.swift; sourceTree = "<group>"; };
		95C42EA622361BC00021A1FF /* UIImage+Extension.swift */ = {isa = PBXFileReference; fileEncoding = 4; lastKnownFileType = sourcecode.swift; path = "UIImage+Extension.swift"; sourceTree = "<group>"; };
		95EDE903223317DD007BFCF2 /* .gitignore */ = {isa = PBXFileReference; lastKnownFileType = text; path = .gitignore; sourceTree = "<group>"; };
		95EDE90922331E9B007BFCF2 /* Storyboard.storyboard */ = {isa = PBXFileReference; fileEncoding = 4; lastKnownFileType = file.storyboard; path = Storyboard.storyboard; sourceTree = "<group>"; };
		AA38732622403B7F0018A374 /* ImageSimilarity.mlmodel */ = {isa = PBXFileReference; lastKnownFileType = file.mlmodel; path = ImageSimilarity.mlmodel; sourceTree = "<group>"; };
		C70A5361B4652304CC8728D4 /* Pods-BootFinder.release.xcconfig */ = {isa = PBXFileReference; includeInIndex = 1; lastKnownFileType = text.xcconfig; name = "Pods-BootFinder.release.xcconfig"; path = "Target Support Files/Pods-BootFinder/Pods-BootFinder.release.xcconfig"; sourceTree = "<group>"; };
/* End PBXFileReference section */

/* Begin PBXFrameworksBuildPhase section */
		95BDD6AB2231D9970076D23E /* Frameworks */ = {
			isa = PBXFrameworksBuildPhase;
			buildActionMask = 2147483647;
			files = (
				95BDD6C62231DAB30076D23E /* CoreML.framework in Frameworks */,
				D1D9BBECCE1CA1A02CB1F161 /* Pods_BootFinder.framework in Frameworks */,
			);
			runOnlyForDeploymentPostprocessing = 0;
		};
/* End PBXFrameworksBuildPhase section */

/* Begin PBXGroup section */
		3083D9C80E2F03DCD1D11741 /* Pods */ = {
			isa = PBXGroup;
			children = (
				22F7B507E0F8763E897D21C3 /* Pods-BootFinder.debug.xcconfig */,
				C70A5361B4652304CC8728D4 /* Pods-BootFinder.release.xcconfig */,
				3734AB8BF7CE8F293CF06542 /* Pods-BootFinder.debug.xcconfig */,
				1738155D4FC70B9392ECB736 /* Pods-BootFinder.release.xcconfig */,
			);
			path = Pods;
			sourceTree = "<group>";
		};
		959BFA63223485A900AE4E47 /* Storyboards */ = {
			isa = PBXGroup;
			children = (
				95EDE90922331E9B007BFCF2 /* Storyboard.storyboard */,
				95BDD6BA2231D9980076D23E /* LaunchScreen.storyboard */,
				95A4AD49223D8C8E00C25BB2 /* ResultCell.xib */,
			);
			path = Storyboards;
			sourceTree = "<group>";
		};
		95BDD6A52231D9970076D23E = {
			isa = PBXGroup;
			children = (
				95BDD6B02231D9970076D23E /* BootFinder */,
				95EDE903223317DD007BFCF2 /* .gitignore */,
				95BDD6D722320EBD0076D23E /* Info.plist */,
				95BDD6AF2231D9970076D23E /* Products */,
				3083D9C80E2F03DCD1D11741 /* Pods */,
				9F39610FBC77E3888A608925 /* Frameworks */,
			);
			sourceTree = "<group>";
		};
		95BDD6AF2231D9970076D23E /* Products */ = {
			isa = PBXGroup;
			children = (
				95BDD6AE2231D9970076D23E /* BootFinder.app */,
			);
			name = Products;
			sourceTree = "<group>";
		};
		95BDD6B02231D9970076D23E /* BootFinder */ = {
			isa = PBXGroup;
			children = (
				95BDD6D422320EBD0076D23E /* Support */,
				95BDD6D822320EF60076D23E /* App */,
				959BFA63223485A900AE4E47 /* Storyboards */,
				95BDD6DA22320F320076D23E /* Components */,
				95BDD6C822320E650076D23E /* Resources */,
				95BDD6D322320E650076D23E /* takePhotoIcon.png */,
				95BDD6D122320E650076D23E /* cameraIcon.png */,
				95BDD6D022320E650076D23E /* imageGalleryIcon.png */,
				95BDD6D222320E650076D23E /* Boot Finder logo1.png */,
				95BDD6CC22320E650076D23E /* boot-placeholder.jpg */,
				95BDD6CB22320E650076D23E /* camera-icon.png */,
				95BDD6CF22320E650076D23E /* bg pattern.png */,
				95BDD6CA22320E650076D23E /* Rectangle.png */,
				95BDD6E52233036D0076D23E /* BootFinder.entitlements */,
				95BDD6B82231D9980076D23E /* Assets.xcassets */,
			);
			path = BootFinder;
			sourceTree = "<group>";
		};
		95BDD6C822320E650076D23E /* Resources */ = {
			isa = PBXGroup;
			children = (
				AA38732622403B7F0018A374 /* ImageSimilarity.mlmodel */,
				95BDD6C922320E650076D23E /* Assets.xcassets */,
			);
			name = Resources;
			path = ../Resources;
			sourceTree = "<group>";
		};
		95BDD6D422320EBD0076D23E /* Support */ = {
			isa = PBXGroup;
			children = (
				95C42EA622361BC00021A1FF /* UIImage+Extension.swift */,
				95BDD6D622320EBD0076D23E /* ImageClassification.entitlements */,
			);
			path = Support;
			sourceTree = "<group>";
		};
		95BDD6D822320EF60076D23E /* App */ = {
			isa = PBXGroup;
			children = (
				95BDD6B12231D9970076D23E /* AppDelegate.swift */,
			);
			path = App;
			sourceTree = "<group>";
		};
		95BDD6DA22320F320076D23E /* Components */ = {
			isa = PBXGroup;
			children = (
				95C42EA422361B470021A1FF /* BuyViewController.swift */,
				95C42EA222361B350021A1FF /* AllMetadata.json */,
				95C42EA022361B220021A1FF /* ResultTableViewCell.swift */,
				95C42E9E22361B0C0021A1FF /* ResultsViewController.swift */,
				95C42E9C22361AF60021A1FF /* ViewController.swift */,
				95C42E9A22361ADF0021A1FF /* DetailsViewController.swift */,
				95C42E9822361A950021A1FF /* MainViewController.swift */,
				95C42E9622361A540021A1FF /* BootResult.swift */,
				95C42E94223619960021A1FF /* InitialViewControllers.swift */,
			);
			path = Components;
			sourceTree = "<group>";
		};
		9F39610FBC77E3888A608925 /* Frameworks */ = {
			isa = PBXGroup;
			children = (
				95BDD6C52231DAB20076D23E /* CoreML.framework */,
				6B561017D598C41232565C5B /* Pods_BootFinder.framework */,
			);
			name = Frameworks;
			sourceTree = "<group>";
		};
/* End PBXGroup section */

/* Begin PBXNativeTarget section */
		95BDD6AD2231D9970076D23E /* BootFinder */ = {
			isa = PBXNativeTarget;
			buildConfigurationList = 95BDD6C02231D9980076D23E /* Build configuration list for PBXNativeTarget "BootFinder" */;
			buildPhases = (
				62DB844FF8A0CEF6911BB01A /* [CP] Check Pods Manifest.lock */,
				95BDD6AA2231D9970076D23E /* Sources */,
				95BDD6AB2231D9970076D23E /* Frameworks */,
				95BDD6AC2231D9970076D23E /* Resources */,
				A79771A38E0E7F7501F222A1 /* [CP] Embed Pods Frameworks */,
			);
			buildRules = (
			);
			dependencies = (
			);
			name = BootFinder;
			productName = BootFinder;
			productReference = 95BDD6AE2231D9970076D23E /* BootFinder.app */;
			productType = "com.apple.product-type.application";
		};
/* End PBXNativeTarget section */

/* Begin PBXProject section */
		95BDD6A62231D9970076D23E /* Project object */ = {
			isa = PBXProject;
			attributes = {
				LastSwiftUpdateCheck = 1010;
				LastUpgradeCheck = 1010;
				ORGANIZATIONNAME = "Kimberly Mathieu";
				TargetAttributes = {
					95BDD6AD2231D9970076D23E = {
						CreatedOnToolsVersion = 10.1;
						SystemCapabilities = {
							com.apple.BackgroundModes = {
								enabled = 1;
							};
							com.apple.Push = {
								enabled = 1;
							};
						};
					};
				};
			};
			buildConfigurationList = 95BDD6A92231D9970076D23E /* Build configuration list for PBXProject "BootFinder" */;
			compatibilityVersion = "Xcode 9.3";
			developmentRegion = en;
			hasScannedForEncodings = 0;
			knownRegions = (
				en,
				Base,
			);
			mainGroup = 95BDD6A52231D9970076D23E;
			productRefGroup = 95BDD6AF2231D9970076D23E /* Products */;
			projectDirPath = "";
			projectRoot = "";
			targets = (
				95BDD6AD2231D9970076D23E /* BootFinder */,
			);
		};
/* End PBXProject section */

/* Begin PBXResourcesBuildPhase section */
		95BDD6AC2231D9970076D23E /* Resources */ = {
			isa = PBXResourcesBuildPhase;
			buildActionMask = 2147483647;
			files = (
				95EDE904223317DD007BFCF2 /* .gitignore in Resources */,
				95BDD6BC2231D9980076D23E /* LaunchScreen.storyboard in Resources */,
				95BDD6B92231D9980076D23E /* Assets.xcassets in Resources */,
				95EDE90A22331E9B007BFCF2 /* Storyboard.storyboard in Resources */,
				95A4AD4A223D8C8E00C25BB2 /* ResultCell.xib in Resources */,
				95C42EA322361B350021A1FF /* AllMetadata.json in Resources */,
			);
			runOnlyForDeploymentPostprocessing = 0;
		};
/* End PBXResourcesBuildPhase section */

/* Begin PBXShellScriptBuildPhase section */
		62DB844FF8A0CEF6911BB01A /* [CP] Check Pods Manifest.lock */ = {
			isa = PBXShellScriptBuildPhase;
			buildActionMask = 2147483647;
			files = (
			);
			inputFileListPaths = (
			);
			inputPaths = (
				"${PODS_PODFILE_DIR_PATH}/Podfile.lock",
				"${PODS_ROOT}/Manifest.lock",
			);
			name = "[CP] Check Pods Manifest.lock";
			outputFileListPaths = (
			);
			outputPaths = (
				"$(DERIVED_FILE_DIR)/Pods-BootFinder-checkManifestLockResult.txt",
			);
			runOnlyForDeploymentPostprocessing = 0;
			shellPath = /bin/sh;
			shellScript = "diff \"${PODS_PODFILE_DIR_PATH}/Podfile.lock\" \"${PODS_ROOT}/Manifest.lock\" > /dev/null\nif [ $? != 0 ] ; then\n    # print error to STDERR\n    echo \"error: The sandbox is not in sync with the Podfile.lock. Run 'pod install' or update your CocoaPods installation.\" >&2\n    exit 1\nfi\n# This output is used by Xcode 'outputs' to avoid re-running this script phase.\necho \"SUCCESS\" > \"${SCRIPT_OUTPUT_FILE_0}\"\n";
			showEnvVarsInLog = 0;
		};
		A79771A38E0E7F7501F222A1 /* [CP] Embed Pods Frameworks */ = {
			isa = PBXShellScriptBuildPhase;
			buildActionMask = 2147483647;
			files = (
			);
			inputFileListPaths = (
			);
			inputPaths = (
				"${SRCROOT}/Pods/Target Support Files/Pods-BootFinder/Pods-BootFinder-frameworks.sh",
				"${BUILT_PRODUCTS_DIR}/Alamofire/Alamofire.framework",
				"${BUILT_PRODUCTS_DIR}/AlamofireImage/AlamofireImage.framework",
				"${PODS_ROOT}/Skafos/frameworks/Skafos.framework",
				"${BUILT_PRODUCTS_DIR}/SnapKit/SnapKit.framework",
				"${BUILT_PRODUCTS_DIR}/SwiftyJSON/SwiftyJSON.framework",
			);
			name = "[CP] Embed Pods Frameworks";
			outputFileListPaths = (
			);
			outputPaths = (
				"${TARGET_BUILD_DIR}/${FRAMEWORKS_FOLDER_PATH}/Alamofire.framework",
				"${TARGET_BUILD_DIR}/${FRAMEWORKS_FOLDER_PATH}/AlamofireImage.framework",
				"${TARGET_BUILD_DIR}/${FRAMEWORKS_FOLDER_PATH}/Skafos.framework",
				"${TARGET_BUILD_DIR}/${FRAMEWORKS_FOLDER_PATH}/SnapKit.framework",
				"${TARGET_BUILD_DIR}/${FRAMEWORKS_FOLDER_PATH}/SwiftyJSON.framework",
			);
			runOnlyForDeploymentPostprocessing = 0;
			shellPath = /bin/sh;
			shellScript = "\"${SRCROOT}/Pods/Target Support Files/Pods-BootFinder/Pods-BootFinder-frameworks.sh\"\n";
			showEnvVarsInLog = 0;
		};
/* End PBXShellScriptBuildPhase section */

/* Begin PBXSourcesBuildPhase section */
		95BDD6AA2231D9970076D23E /* Sources */ = {
			isa = PBXSourcesBuildPhase;
			buildActionMask = 2147483647;
			files = (
				95C42E9922361A950021A1FF /* MainViewController.swift in Sources */,
				AA38732722403B7F0018A374 /* ImageSimilarity.mlmodel in Sources */,
				95C42EA522361B470021A1FF /* BuyViewController.swift in Sources */,
				95BDD6B22231D9970076D23E /* AppDelegate.swift in Sources */,
				95C42E9B22361ADF0021A1FF /* DetailsViewController.swift in Sources */,
				95C42E9F22361B0C0021A1FF /* ResultsViewController.swift in Sources */,
				95C42E9722361A540021A1FF /* BootResult.swift in Sources */,
				95C42E9D22361AF60021A1FF /* ViewController.swift in Sources */,
				95C42EA122361B220021A1FF /* ResultTableViewCell.swift in Sources */,
				95C42EA722361BC00021A1FF /* UIImage+Extension.swift in Sources */,
				95C42E95223619960021A1FF /* InitialViewControllers.swift in Sources */,
			);
			runOnlyForDeploymentPostprocessing = 0;
		};
/* End PBXSourcesBuildPhase section */

/* Begin PBXVariantGroup section */
		95BDD6BA2231D9980076D23E /* LaunchScreen.storyboard */ = {
			isa = PBXVariantGroup;
			children = (
				95BDD6BB2231D9980076D23E /* Base */,
			);
			name = LaunchScreen.storyboard;
			sourceTree = "<group>";
		};
/* End PBXVariantGroup section */

/* Begin XCBuildConfiguration section */
		95BDD6BE2231D9980076D23E /* Debug */ = {
			isa = XCBuildConfiguration;
			buildSettings = {
				ALWAYS_SEARCH_USER_PATHS = NO;
				CLANG_ANALYZER_NONNULL = YES;
				CLANG_ANALYZER_NUMBER_OBJECT_CONVERSION = YES_AGGRESSIVE;
				CLANG_CXX_LANGUAGE_STANDARD = "gnu++14";
				CLANG_CXX_LIBRARY = "libc++";
				CLANG_ENABLE_MODULES = YES;
				CLANG_ENABLE_OBJC_ARC = YES;
				CLANG_ENABLE_OBJC_WEAK = YES;
				CLANG_WARN_BLOCK_CAPTURE_AUTORELEASING = YES;
				CLANG_WARN_BOOL_CONVERSION = YES;
				CLANG_WARN_COMMA = YES;
				CLANG_WARN_CONSTANT_CONVERSION = YES;
				CLANG_WARN_DEPRECATED_OBJC_IMPLEMENTATIONS = YES;
				CLANG_WARN_DIRECT_OBJC_ISA_USAGE = YES_ERROR;
				CLANG_WARN_DOCUMENTATION_COMMENTS = YES;
				CLANG_WARN_EMPTY_BODY = YES;
				CLANG_WARN_ENUM_CONVERSION = YES;
				CLANG_WARN_INFINITE_RECURSION = YES;
				CLANG_WARN_INT_CONVERSION = YES;
				CLANG_WARN_NON_LITERAL_NULL_CONVERSION = YES;
				CLANG_WARN_OBJC_IMPLICIT_RETAIN_SELF = YES;
				CLANG_WARN_OBJC_LITERAL_CONVERSION = YES;
				CLANG_WARN_OBJC_ROOT_CLASS = YES_ERROR;
				CLANG_WARN_RANGE_LOOP_ANALYSIS = YES;
				CLANG_WARN_STRICT_PROTOTYPES = YES;
				CLANG_WARN_SUSPICIOUS_MOVE = YES;
				CLANG_WARN_UNGUARDED_AVAILABILITY = YES_AGGRESSIVE;
				CLANG_WARN_UNREACHABLE_CODE = YES;
				CLANG_WARN__DUPLICATE_METHOD_MATCH = YES;
				CODE_SIGN_IDENTITY = "iPhone Developer";
				COPY_PHASE_STRIP = NO;
				DEBUG_INFORMATION_FORMAT = dwarf;
				ENABLE_STRICT_OBJC_MSGSEND = YES;
				ENABLE_TESTABILITY = YES;
				GCC_C_LANGUAGE_STANDARD = gnu11;
				GCC_DYNAMIC_NO_PIC = NO;
				GCC_NO_COMMON_BLOCKS = YES;
				GCC_OPTIMIZATION_LEVEL = 0;
				GCC_PREPROCESSOR_DEFINITIONS = (
					"DEBUG=1",
					"$(inherited)",
				);
				GCC_WARN_64_TO_32_BIT_CONVERSION = YES;
				GCC_WARN_ABOUT_RETURN_TYPE = YES_ERROR;
				GCC_WARN_UNDECLARED_SELECTOR = YES;
				GCC_WARN_UNINITIALIZED_AUTOS = YES_AGGRESSIVE;
				GCC_WARN_UNUSED_FUNCTION = YES;
				GCC_WARN_UNUSED_VARIABLE = YES;
				IPHONEOS_DEPLOYMENT_TARGET = 12.1;
				MTL_ENABLE_DEBUG_INFO = INCLUDE_SOURCE;
				MTL_FAST_MATH = YES;
				ONLY_ACTIVE_ARCH = YES;
				SDKROOT = iphoneos;
				SWIFT_ACTIVE_COMPILATION_CONDITIONS = DEBUG;
				SWIFT_OPTIMIZATION_LEVEL = "-Onone";
			};
			name = Debug;
		};
		95BDD6BF2231D9980076D23E /* Release */ = {
			isa = XCBuildConfiguration;
			buildSettings = {
				ALWAYS_SEARCH_USER_PATHS = NO;
				CLANG_ANALYZER_NONNULL = YES;
				CLANG_ANALYZER_NUMBER_OBJECT_CONVERSION = YES_AGGRESSIVE;
				CLANG_CXX_LANGUAGE_STANDARD = "gnu++14";
				CLANG_CXX_LIBRARY = "libc++";
				CLANG_ENABLE_MODULES = YES;
				CLANG_ENABLE_OBJC_ARC = YES;
				CLANG_ENABLE_OBJC_WEAK = YES;
				CLANG_WARN_BLOCK_CAPTURE_AUTORELEASING = YES;
				CLANG_WARN_BOOL_CONVERSION = YES;
				CLANG_WARN_COMMA = YES;
				CLANG_WARN_CONSTANT_CONVERSION = YES;
				CLANG_WARN_DEPRECATED_OBJC_IMPLEMENTATIONS = YES;
				CLANG_WARN_DIRECT_OBJC_ISA_USAGE = YES_ERROR;
				CLANG_WARN_DOCUMENTATION_COMMENTS = YES;
				CLANG_WARN_EMPTY_BODY = YES;
				CLANG_WARN_ENUM_CONVERSION = YES;
				CLANG_WARN_INFINITE_RECURSION = YES;
				CLANG_WARN_INT_CONVERSION = YES;
				CLANG_WARN_NON_LITERAL_NULL_CONVERSION = YES;
				CLANG_WARN_OBJC_IMPLICIT_RETAIN_SELF = YES;
				CLANG_WARN_OBJC_LITERAL_CONVERSION = YES;
				CLANG_WARN_OBJC_ROOT_CLASS = YES_ERROR;
				CLANG_WARN_RANGE_LOOP_ANALYSIS = YES;
				CLANG_WARN_STRICT_PROTOTYPES = YES;
				CLANG_WARN_SUSPICIOUS_MOVE = YES;
				CLANG_WARN_UNGUARDED_AVAILABILITY = YES_AGGRESSIVE;
				CLANG_WARN_UNREACHABLE_CODE = YES;
				CLANG_WARN__DUPLICATE_METHOD_MATCH = YES;
				CODE_SIGN_IDENTITY = "iPhone Developer";
				COPY_PHASE_STRIP = NO;
				DEBUG_INFORMATION_FORMAT = "dwarf-with-dsym";
				ENABLE_NS_ASSERTIONS = NO;
				ENABLE_STRICT_OBJC_MSGSEND = YES;
				GCC_C_LANGUAGE_STANDARD = gnu11;
				GCC_NO_COMMON_BLOCKS = YES;
				GCC_WARN_64_TO_32_BIT_CONVERSION = YES;
				GCC_WARN_ABOUT_RETURN_TYPE = YES_ERROR;
				GCC_WARN_UNDECLARED_SELECTOR = YES;
				GCC_WARN_UNINITIALIZED_AUTOS = YES_AGGRESSIVE;
				GCC_WARN_UNUSED_FUNCTION = YES;
				GCC_WARN_UNUSED_VARIABLE = YES;
				IPHONEOS_DEPLOYMENT_TARGET = 12.1;
				MTL_ENABLE_DEBUG_INFO = NO;
				MTL_FAST_MATH = YES;
				SDKROOT = iphoneos;
				SWIFT_COMPILATION_MODE = wholemodule;
				SWIFT_OPTIMIZATION_LEVEL = "-O";
				VALIDATE_PRODUCT = YES;
			};
			name = Release;
		};
		95BDD6C12231D9980076D23E /* Debug */ = {
			isa = XCBuildConfiguration;
			baseConfigurationReference = 22F7B507E0F8763E897D21C3 /* Pods-BootFinder.debug.xcconfig */;
			buildSettings = {
				ASSETCATALOG_COMPILER_APPICON_NAME = AppIcon;
				CODE_SIGN_ENTITLEMENTS = BootFinder/BootFinder.entitlements;
				CODE_SIGN_STYLE = Automatic;
				DEVELOPMENT_TEAM = HW8RH4DBAM;
				ENABLE_BITCODE = NO;
				INFOPLIST_FILE = "$(SRCROOT)/Info.plist";
				LD_RUNPATH_SEARCH_PATHS = (
					"$(inherited)",
					"@executable_path/Frameworks",
				);
				PRODUCT_BUNDLE_IDENTIFIER = io.skafos.BootFinderMiriam;
				PRODUCT_NAME = "$(TARGET_NAME)";
				SWIFT_VERSION = 4.2;
				TARGETED_DEVICE_FAMILY = 1;
			};
			name = Debug;
		};
		95BDD6C22231D9980076D23E /* Release */ = {
			isa = XCBuildConfiguration;
			baseConfigurationReference = 1738155D4FC70B9392ECB736 /* Pods-BootFinder.release.xcconfig */;
			buildSettings = {
				ASSETCATALOG_COMPILER_APPICON_NAME = AppIcon;
				CODE_SIGN_ENTITLEMENTS = BootFinder/BootFinder.entitlements;
				CODE_SIGN_STYLE = Automatic;
				DEVELOPMENT_TEAM = HW8RH4DBAM;
				ENABLE_BITCODE = NO;
				INFOPLIST_FILE = "$(SRCROOT)/Info.plist";
				LD_RUNPATH_SEARCH_PATHS = (
					"$(inherited)",
					"@executable_path/Frameworks",
				);
				PRODUCT_BUNDLE_IDENTIFIER = io.skafos.BootFinderMiriam;
				PRODUCT_NAME = "$(TARGET_NAME)";
				SWIFT_VERSION = 4.2;
				TARGETED_DEVICE_FAMILY = 1;
			};
			name = Release;
		};
/* End XCBuildConfiguration section */

/* Begin XCConfigurationList section */
		95BDD6A92231D9970076D23E /* Build configuration list for PBXProject "BootFinder" */ = {
			isa = XCConfigurationList;
			buildConfigurations = (
				95BDD6BE2231D9980076D23E /* Debug */,
				95BDD6BF2231D9980076D23E /* Release */,
			);
			defaultConfigurationIsVisible = 0;
			defaultConfigurationName = Release;
		};
		95BDD6C02231D9980076D23E /* Build configuration list for PBXNativeTarget "BootFinder" */ = {
			isa = XCConfigurationList;
			buildConfigurations = (
				95BDD6C12231D9980076D23E /* Debug */,
				95BDD6C22231D9980076D23E /* Release */,
			);
			defaultConfigurationIsVisible = 0;
			defaultConfigurationName = Release;
		};
/* End XCConfigurationList section */
	};
	rootObject = 95BDD6A62231D9970076D23E /* Project object */;
}
